
Microsoft Visual Studio Solution File, Format Version 12.00
# Visual Studio Version 17
VisualStudioVersion = 17.3.32929.385
MinimumVisualStudioVersion = 10.0.40219.1
Project("{FAE04EC0-301F-11D3-BF4B-00C04F79EFBC}") = "GoTogether", "GoTogether.csproj", "{323AA5EE-FAFE-4570-97F6-5C2A53FB0AF9}"
EndProject
Project("{FAE04EC0-301F-11D3-BF4B-00C04F79EFBC}") = "Common", "..\Common\Common.csproj", "{811324F1-4651-4FFB-B0C5-26022EEA5A30}"
EndProject
Project("{FAE04EC0-301F-11D3-BF4B-00C04F79EFBC}") = "Mock", "..\Mock\Mock.csproj", "{B17EA3AE-389F-4025-BD8B-C2C74D9AFC5E}"
EndProject
Project("{FAE04EC0-301F-11D3-BF4B-00C04F79EFBC}") = "Repository", "..\Repository\Repository.csproj", "{60D2AA4D-AA6D-4960-8089-436F1428BA9E}"
EndProject
Project("{FAE04EC0-301F-11D3-BF4B-00C04F79EFBC}") = "Service", "..\Service\Service.csproj", "{7AC4B4D0-A366-4B1C-84D1-D790313F60B8}"
EndProject
Global
	GlobalSection(SolutionConfigurationPlatforms) = preSolution
		Debug|Any CPU = Debug|Any CPU
		Release|Any CPU = Release|Any CPU
	EndGlobalSection
	GlobalSection(ProjectConfigurationPlatforms) = postSolution
		{323AA5EE-FAFE-4570-97F6-5C2A53FB0AF9}.Debug|Any CPU.ActiveCfg = Debug|Any CPU
		{323AA5EE-FAFE-4570-97F6-5C2A53FB0AF9}.Debug|Any CPU.Build.0 = Debug|Any CPU
		{323AA5EE-FAFE-4570-97F6-5C2A53FB0AF9}.Release|Any CPU.ActiveCfg = Release|Any CPU
		{323AA5EE-FAFE-4570-97F6-5C2A53FB0AF9}.Release|Any CPU.Build.0 = Release|Any CPU
		{811324F1-4651-4FFB-B0C5-26022EEA5A30}.Debug|Any CPU.ActiveCfg = Debug|Any CPU
		{811324F1-4651-4FFB-B0C5-26022EEA5A30}.Debug|Any CPU.Build.0 = Debug|Any CPU
		{811324F1-4651-4FFB-B0C5-26022EEA5A30}.Release|Any CPU.ActiveCfg = Release|Any CPU
		{811324F1-4651-4FFB-B0C5-26022EEA5A30}.Release|Any CPU.Build.0 = Release|Any CPU
		{B17EA3AE-389F-4025-BD8B-C2C74D9AFC5E}.Debug|Any CPU.ActiveCfg = Debug|Any CPU
		{B17EA3AE-389F-4025-BD8B-C2C74D9AFC5E}.Debug|Any CPU.Build.0 = Debug|Any CPU
		{B17EA3AE-389F-4025-BD8B-C2C74D9AFC5E}.Release|Any CPU.ActiveCfg = Release|Any CPU
		{B17EA3AE-389F-4025-BD8B-C2C74D9AFC5E}.Release|Any CPU.Build.0 = Release|Any CPU
		{60D2AA4D-AA6D-4960-8089-436F1428BA9E}.Debug|Any CPU.ActiveCfg = Debug|Any CPU
		{60D2AA4D-AA6D-4960-8089-436F1428BA9E}.Debug|Any CPU.Build.0 = Debug|Any CPU
		{60D2AA4D-AA6D-4960-8089-436F1428BA9E}.Release|Any CPU.ActiveCfg = Release|Any CPU
		{60D2AA4D-AA6D-4960-8089-436F1428BA9E}.Release|Any CPU.Build.0 = Release|Any CPU
		{7AC4B4D0-A366-4B1C-84D1-D790313F60B8}.Debug|Any CPU.ActiveCfg = Debug|Any CPU
		{7AC4B4D0-A366-4B1C-84D1-D790313F60B8}.Debug|Any CPU.Build.0 = Debug|Any CPU
		{7AC4B4D0-A366-4B1C-84D1-D790313F60B8}.Release|Any CPU.ActiveCfg = Release|Any CPU
		{7AC4B4D0-A366-4B1C-84D1-D790313F60B8}.Release|Any CPU.Build.0 = Release|Any CPU
	EndGlobalSection
	GlobalSection(SolutionProperties) = preSolution
		HideSolutionNode = FALSE
	EndGlobalSection
	GlobalSection(ExtensibilityGlobals) = postSolution
		SolutionGuid = {2A8449FF-AB54-4D3E-A6D5-D14BF6918EED}
	EndGlobalSection
EndGlobal
